
Microsoft Visual Studio Solution File, Format Version 12.00
# Visual Studio 15
Project("{FAE04EC0-301F-11D3-BF4B-00C04F79EFBC}") = "nhcustom", "nhcustom.csproj", "{463C2C5E-4E46-4900-AD40-884EE6975CF9}"
EndProject
Global
	GlobalSection(SolutionConfigurationPlatforms) = preSolution
		Debug|x86 = Debug|x86
		Release|x86 = Release|x86
	EndGlobalSection
	GlobalSection(ProjectConfigurationPlatforms) = postSolution
		{463C2C5E-4E46-4900-AD40-884EE6975CF9}.Debug|x86.ActiveCfg = Debug|x86
		{463C2C5E-4E46-4900-AD40-884EE6975CF9}.Debug|x86.Build.0 = Debug|x86
		{463C2C5E-4E46-4900-AD40-884EE6975CF9}.Release|x86.ActiveCfg = Release|x86
		{463C2C5E-4E46-4900-AD40-884EE6975CF9}.Release|x86.Build.0 = Release|x86
	EndGlobalSection
	GlobalSection(MonoDevelopProperties) = preSolution
		Policies = $0
		$0.DotNetNamingPolicy = $1
		$1.DirectoryNamespaceAssociation = PrefixedHierarchical
		$0.StandardHeader = $2
	EndGlobalSection
EndGlobal
